// !$*UTF8*$!
{
	archiveVersion = 1;
	classes = {
	};
	objectVersion = 56;
	objects = {

/* Begin PBXBuildFile section */
		8F80B18B2A4067550068CA8E /* Real_Madrid_2024App.swift in Sources */ = {isa = PBXBuildFile; fileRef = 8F80B18A2A4067550068CA8E /* Real_Madrid_2024App.swift */; };
		8F80B18D2A4067550068CA8E /* ContentView.swift in Sources */ = {isa = PBXBuildFile; fileRef = 8F80B18C2A4067550068CA8E /* ContentView.swift */; };
		8F80B18F2A4067560068CA8E /* Assets.xcassets in Resources */ = {isa = PBXBuildFile; fileRef = 8F80B18E2A4067560068CA8E /* Assets.xcassets */; };
		8F80B1922A4067560068CA8E /* Preview Assets.xcassets in Resources */ = {isa = PBXBuildFile; fileRef = 8F80B1912A4067560068CA8E /* Preview Assets.xcassets */; };
		8F80B19C2A4067560068CA8E /* Real_Madrid_2024Tests.swift in Sources */ = {isa = PBXBuildFile; fileRef = 8F80B19B2A4067560068CA8E /* Real_Madrid_2024Tests.swift */; };
		8F80B1A62A4067560068CA8E /* Real_Madrid_2024UITests.swift in Sources */ = {isa = PBXBuildFile; fileRef = 8F80B1A52A4067560068CA8E /* Real_Madrid_2024UITests.swift */; };
		8F80B1A82A4067560068CA8E /* Real_Madrid_2024UITestsLaunchTests.swift in Sources */ = {isa = PBXBuildFile; fileRef = 8F80B1A72A4067560068CA8E /* Real_Madrid_2024UITestsLaunchTests.swift */; };
		8F80B1B52A4068280068CA8E /* LogoPaths.swift in Sources */ = {isa = PBXBuildFile; fileRef = 8F80B1B42A4068280068CA8E /* LogoPaths.swift */; };
		8F80B1B72A4068840068CA8E /* ShapeView.swift in Sources */ = {isa = PBXBuildFile; fileRef = 8F80B1B62A4068840068CA8E /* ShapeView.swift */; };
		8F80B1B92A4069150068CA8E /* UIBaizerPath+extensions.swift in Sources */ = {isa = PBXBuildFile; fileRef = 8F80B1B82A4069150068CA8E /* UIBaizerPath+extensions.swift */; };
		8F80B1BB2A4097180068CA8E /* MadridLogoView.swift in Sources */ = {isa = PBXBuildFile; fileRef = 8F80B1BA2A4097180068CA8E /* MadridLogoView.swift */; };
		8F80B1BF2A4230F90068CA8E /* MadridFont.ttf in Resources */ = {isa = PBXBuildFile; fileRef = 8F80B1BC2A422C000068CA8E /* MadridFont.ttf */; };
		8F80B1C52A42350E0068CA8E /* SponsorShirtView.swift in Sources */ = {isa = PBXBuildFile; fileRef = 8F80B1C42A42350E0068CA8E /* SponsorShirtView.swift */; };
		8F80B1C72A4329050068CA8E /* ShirtContentView.swift in Sources */ = {isa = PBXBuildFile; fileRef = 8F80B1C62A4329050068CA8E /* ShirtContentView.swift */; };
		8F80B1CD2A43368D0068CA8E /* ShirtView.swift in Sources */ = {isa = PBXBuildFile; fileRef = 8F80B1CC2A43368D0068CA8E /* ShirtView.swift */; };
		8F80B1CF2A43380E0068CA8E /* BuyNowView.swift in Sources */ = {isa = PBXBuildFile; fileRef = 8F80B1CE2A43380E0068CA8E /* BuyNowView.swift */; };
		8F80B1D12A4346840068CA8E /* Color+Extensions.swift in Sources */ = {isa = PBXBuildFile; fileRef = 8F80B1D02A4346840068CA8E /* Color+Extensions.swift */; };
/* End PBXBuildFile section */

/* Begin PBXContainerItemProxy section */
		8F80B1982A4067560068CA8E /* PBXContainerItemProxy */ = {
			isa = PBXContainerItemProxy;
			containerPortal = 8F80B17F2A4067550068CA8E /* Project object */;
			proxyType = 1;
			remoteGlobalIDString = 8F80B1862A4067550068CA8E;
			remoteInfo = "Real-Madrid-2024";
		};
		8F80B1A22A4067560068CA8E /* PBXContainerItemProxy */ = {
			isa = PBXContainerItemProxy;
			containerPortal = 8F80B17F2A4067550068CA8E /* Project object */;
			proxyType = 1;
			remoteGlobalIDString = 8F80B1862A4067550068CA8E;
			remoteInfo = "Real-Madrid-2024";
		};
/* End PBXContainerItemProxy section */

/* Begin PBXFileReference section */
		8F80B1872A4067550068CA8E /* Real-Madrid-2024.app */ = {isa = PBXFileReference; explicitFileType = wrapper.application; includeInIndex = 0; path = "Real-Madrid-2024.app"; sourceTree = BUILT_PRODUCTS_DIR; };
		8F80B18A2A4067550068CA8E /* Real_Madrid_2024App.swift */ = {isa = PBXFileReference; lastKnownFileType = sourcecode.swift; path = Real_Madrid_2024App.swift; sourceTree = "<group>"; };
		8F80B18C2A4067550068CA8E /* ContentView.swift */ = {isa = PBXFileReference; lastKnownFileType = sourcecode.swift; path = ContentView.swift; sourceTree = "<group>"; };
		8F80B18E2A4067560068CA8E /* Assets.xcassets */ = {isa = PBXFileReference; lastKnownFileType = folder.assetcatalog; path = Assets.xcassets; sourceTree = "<group>"; };
		8F80B1912A4067560068CA8E /* Preview Assets.xcassets */ = {isa = PBXFileReference; lastKnownFileType = folder.assetcatalog; path = "Preview Assets.xcassets"; sourceTree = "<group>"; };
		8F80B1972A4067560068CA8E /* Real-Madrid-2024Tests.xctest */ = {isa = PBXFileReference; explicitFileType = wrapper.cfbundle; includeInIndex = 0; path = "Real-Madrid-2024Tests.xctest"; sourceTree = BUILT_PRODUCTS_DIR; };
		8F80B19B2A4067560068CA8E /* Real_Madrid_2024Tests.swift */ = {isa = PBXFileReference; lastKnownFileType = sourcecode.swift; path = Real_Madrid_2024Tests.swift; sourceTree = "<group>"; };
		8F80B1A12A4067560068CA8E /* Real-Madrid-2024UITests.xctest */ = {isa = PBXFileReference; explicitFileType = wrapper.cfbundle; includeInIndex = 0; path = "Real-Madrid-2024UITests.xctest"; sourceTree = BUILT_PRODUCTS_DIR; };
		8F80B1A52A4067560068CA8E /* Real_Madrid_2024UITests.swift */ = {isa = PBXFileReference; lastKnownFileType = sourcecode.swift; path = Real_Madrid_2024UITests.swift; sourceTree = "<group>"; };
		8F80B1A72A4067560068CA8E /* Real_Madrid_2024UITestsLaunchTests.swift */ = {isa = PBXFileReference; lastKnownFileType = sourcecode.swift; path = Real_Madrid_2024UITestsLaunchTests.swift; sourceTree = "<group>"; };
		8F80B1B42A4068280068CA8E /* LogoPaths.swift */ = {isa = PBXFileReference; lastKnownFileType = sourcecode.swift; path = LogoPaths.swift; sourceTree = "<group>"; };
		8F80B1B62A4068840068CA8E /* ShapeView.swift */ = {isa = PBXFileReference; lastKnownFileType = sourcecode.swift; path = ShapeView.swift; sourceTree = "<group>"; };
		8F80B1B82A4069150068CA8E /* UIBaizerPath+extensions.swift */ = {isa = PBXFileReference; lastKnownFileType = sourcecode.swift; path = "UIBaizerPath+extensions.swift"; sourceTree = "<group>"; };
		8F80B1BA2A4097180068CA8E /* MadridLogoView.swift */ = {isa = PBXFileReference; lastKnownFileType = sourcecode.swift; path = MadridLogoView.swift; sourceTree = "<group>"; };
		8F80B1BC2A422C000068CA8E /* MadridFont.ttf */ = {isa = PBXFileReference; lastKnownFileType = file; path = MadridFont.ttf; sourceTree = "<group>"; };
		8F80B1BD2A422C580068CA8E /* Info.plist */ = {isa = PBXFileReference; lastKnownFileType = text.plist; path = Info.plist; sourceTree = "<group>"; };
		8F80B1C42A42350E0068CA8E /* SponsorShirtView.swift */ = {isa = PBXFileReference; lastKnownFileType = sourcecode.swift; path = SponsorShirtView.swift; sourceTree = "<group>"; };
		8F80B1C62A4329050068CA8E /* ShirtContentView.swift */ = {isa = PBXFileReference; lastKnownFileType = sourcecode.swift; path = ShirtContentView.swift; sourceTree = "<group>"; };
		8F80B1CC2A43368D0068CA8E /* ShirtView.swift */ = {isa = PBXFileReference; lastKnownFileType = sourcecode.swift; path = ShirtView.swift; sourceTree = "<group>"; };
		8F80B1CE2A43380E0068CA8E /* BuyNowView.swift */ = {isa = PBXFileReference; lastKnownFileType = sourcecode.swift; path = BuyNowView.swift; sourceTree = "<group>"; };
		8F80B1D02A4346840068CA8E /* Color+Extensions.swift */ = {isa = PBXFileReference; lastKnownFileType = sourcecode.swift; path = "Color+Extensions.swift"; sourceTree = "<group>"; };
/* End PBXFileReference section */

/* Begin PBXFrameworksBuildPhase section */
		8F80B1842A4067550068CA8E /* Frameworks */ = {
			isa = PBXFrameworksBuildPhase;
			buildActionMask = 2147483647;
			files = (
			);
			runOnlyForDeploymentPostprocessing = 0;
		};
		8F80B1942A4067560068CA8E /* Frameworks */ = {
			isa = PBXFrameworksBuildPhase;
			buildActionMask = 2147483647;
			files = (
			);
			runOnlyForDeploymentPostprocessing = 0;
		};
		8F80B19E2A4067560068CA8E /* Frameworks */ = {
			isa = PBXFrameworksBuildPhase;
			buildActionMask = 2147483647;
			files = (
			);
			runOnlyForDeploymentPostprocessing = 0;
		};
/* End PBXFrameworksBuildPhase section */

/* Begin PBXGroup section */
		8F80B17E2A4067540068CA8E = {
			isa = PBXGroup;
			children = (
				8F80B1892A4067550068CA8E /* Real-Madrid-2024 */,
				8F80B19A2A4067560068CA8E /* Real-Madrid-2024Tests */,
				8F80B1A42A4067560068CA8E /* Real-Madrid-2024UITests */,
				8F80B1882A4067550068CA8E /* Products */,
			);
			sourceTree = "<group>";
		};
		8F80B1882A4067550068CA8E /* Products */ = {
			isa = PBXGroup;
			children = (
				8F80B1872A4067550068CA8E /* Real-Madrid-2024.app */,
				8F80B1972A4067560068CA8E /* Real-Madrid-2024Tests.xctest */,
				8F80B1A12A4067560068CA8E /* Real-Madrid-2024UITests.xctest */,
			);
			name = Products;
			sourceTree = "<group>";
		};
		8F80B1892A4067550068CA8E /* Real-Madrid-2024 */ = {
			isa = PBXGroup;
			children = (
				8F80B1CB2A432B600068CA8E /* Paths */,
				8F80B1CA2A432B590068CA8E /* Commons */,
				8F80B1C82A432B430068CA8E /* Components */,
				8F80B1BD2A422C580068CA8E /* Info.plist */,
				8F80B18A2A4067550068CA8E /* Real_Madrid_2024App.swift */,
				8F80B18C2A4067550068CA8E /* ContentView.swift */,
				8F80B18E2A4067560068CA8E /* Assets.xcassets */,
				8F80B1902A4067560068CA8E /* Preview Content */,
				8F80B1BC2A422C000068CA8E /* MadridFont.ttf */,
			);
			path = "Real-Madrid-2024";
			sourceTree = "<group>";
		};
		8F80B1902A4067560068CA8E /* Preview Content */ = {
			isa = PBXGroup;
			children = (
				8F80B1912A4067560068CA8E /* Preview Assets.xcassets */,
			);
			path = "Preview Content";
			sourceTree = "<group>";
		};
		8F80B19A2A4067560068CA8E /* Real-Madrid-2024Tests */ = {
			isa = PBXGroup;
			children = (
				8F80B19B2A4067560068CA8E /* Real_Madrid_2024Tests.swift */,
			);
			path = "Real-Madrid-2024Tests";
			sourceTree = "<group>";
		};
		8F80B1A42A4067560068CA8E /* Real-Madrid-2024UITests */ = {
			isa = PBXGroup;
			children = (
				8F80B1A52A4067560068CA8E /* Real_Madrid_2024UITests.swift */,
				8F80B1A72A4067560068CA8E /* Real_Madrid_2024UITestsLaunchTests.swift */,
			);
			path = "Real-Madrid-2024UITests";
			sourceTree = "<group>";
		};
		8F80B1C82A432B430068CA8E /* Components */ = {
			isa = PBXGroup;
			children = (
				8F80B1BA2A4097180068CA8E /* MadridLogoView.swift */,
				8F80B1C42A42350E0068CA8E /* SponsorShirtView.swift */,
				8F80B1C62A4329050068CA8E /* ShirtContentView.swift */,
				8F80B1CC2A43368D0068CA8E /* ShirtView.swift */,
				8F80B1CE2A43380E0068CA8E /* BuyNowView.swift */,
			);
			path = Components;
			sourceTree = "<group>";
		};
		8F80B1CA2A432B590068CA8E /* Commons */ = {
			isa = PBXGroup;
			children = (
				8F80B1B62A4068840068CA8E /* ShapeView.swift */,
				8F80B1B82A4069150068CA8E /* UIBaizerPath+extensions.swift */,
				8F80B1D02A4346840068CA8E /* Color+Extensions.swift */,
			);
			path = Commons;
			sourceTree = "<group>";
		};
		8F80B1CB2A432B600068CA8E /* Paths */ = {
			isa = PBXGroup;
			children = (
				8F80B1B42A4068280068CA8E /* LogoPaths.swift */,
			);
			path = Paths;
			sourceTree = "<group>";
		};
/* End PBXGroup section */

/* Begin PBXNativeTarget section */
		8F80B1862A4067550068CA8E /* Real-Madrid-2024 */ = {
			isa = PBXNativeTarget;
			buildConfigurationList = 8F80B1AB2A4067560068CA8E /* Build configuration list for PBXNativeTarget "Real-Madrid-2024" */;
			buildPhases = (
				8F80B1832A4067550068CA8E /* Sources */,
				8F80B1842A4067550068CA8E /* Frameworks */,
				8F80B1852A4067550068CA8E /* Resources */,
			);
			buildRules = (
			);
			dependencies = (
			);
			name = "Real-Madrid-2024";
			productName = "Real-Madrid-2024";
			productReference = 8F80B1872A4067550068CA8E /* Real-Madrid-2024.app */;
			productType = "com.apple.product-type.application";
		};
		8F80B1962A4067560068CA8E /* Real-Madrid-2024Tests */ = {
			isa = PBXNativeTarget;
			buildConfigurationList = 8F80B1AE2A4067560068CA8E /* Build configuration list for PBXNativeTarget "Real-Madrid-2024Tests" */;
			buildPhases = (
				8F80B1932A4067560068CA8E /* Sources */,
				8F80B1942A4067560068CA8E /* Frameworks */,
				8F80B1952A4067560068CA8E /* Resources */,
			);
			buildRules = (
			);
			dependencies = (
				8F80B1992A4067560068CA8E /* PBXTargetDependency */,
			);
			name = "Real-Madrid-2024Tests";
			productName = "Real-Madrid-2024Tests";
			productReference = 8F80B1972A4067560068CA8E /* Real-Madrid-2024Tests.xctest */;
			productType = "com.apple.product-type.bundle.unit-test";
		};
		8F80B1A02A4067560068CA8E /* Real-Madrid-2024UITests */ = {
			isa = PBXNativeTarget;
			buildConfigurationList = 8F80B1B12A4067560068CA8E /* Build configuration list for PBXNativeTarget "Real-Madrid-2024UITests" */;
			buildPhases = (
				8F80B19D2A4067560068CA8E /* Sources */,
				8F80B19E2A4067560068CA8E /* Frameworks */,
				8F80B19F2A4067560068CA8E /* Resources */,
			);
			buildRules = (
			);
			dependencies = (
				8F80B1A32A4067560068CA8E /* PBXTargetDependency */,
			);
			name = "Real-Madrid-2024UITests";
			productName = "Real-Madrid-2024UITests";
			productReference = 8F80B1A12A4067560068CA8E /* Real-Madrid-2024UITests.xctest */;
			productType = "com.apple.product-type.bundle.ui-testing";
		};
/* End PBXNativeTarget section */

/* Begin PBXProject section */
		8F80B17F2A4067550068CA8E /* Project object */ = {
			isa = PBXProject;
			attributes = {
				BuildIndependentTargetsInParallel = 1;
				LastSwiftUpdateCheck = 1500;
				LastUpgradeCheck = 1500;
				TargetAttributes = {
					8F80B1862A4067550068CA8E = {
						CreatedOnToolsVersion = 15.0;
					};
					8F80B1962A4067560068CA8E = {
						CreatedOnToolsVersion = 15.0;
						TestTargetID = 8F80B1862A4067550068CA8E;
					};
					8F80B1A02A4067560068CA8E = {
						CreatedOnToolsVersion = 15.0;
						TestTargetID = 8F80B1862A4067550068CA8E;
					};
				};
			};
			buildConfigurationList = 8F80B1822A4067550068CA8E /* Build configuration list for PBXProject "Real-Madrid-2024" */;
			compatibilityVersion = "Xcode 14.0";
			developmentRegion = en;
			hasScannedForEncodings = 0;
			knownRegions = (
				en,
				Base,
			);
			mainGroup = 8F80B17E2A4067540068CA8E;
			productRefGroup = 8F80B1882A4067550068CA8E /* Products */;
			projectDirPath = "";
			projectRoot = "";
			targets = (
				8F80B1862A4067550068CA8E /* Real-Madrid-2024 */,
				8F80B1962A4067560068CA8E /* Real-Madrid-2024Tests */,
				8F80B1A02A4067560068CA8E /* Real-Madrid-2024UITests */,
			);
		};
/* End PBXProject section */

/* Begin PBXResourcesBuildPhase section */
		8F80B1852A4067550068CA8E /* Resources */ = {
			isa = PBXResourcesBuildPhase;
			buildActionMask = 2147483647;
			files = (
				8F80B1922A4067560068CA8E /* Preview Assets.xcassets in Resources */,
				8F80B1BF2A4230F90068CA8E /* MadridFont.ttf in Resources */,
				8F80B18F2A4067560068CA8E /* Assets.xcassets in Resources */,
			);
			runOnlyForDeploymentPostprocessing = 0;
		};
		8F80B1952A4067560068CA8E /* Resources */ = {
			isa = PBXResourcesBuildPhase;
			buildActionMask = 2147483647;
			files = (
			);
			runOnlyForDeploymentPostprocessing = 0;
		};
		8F80B19F2A4067560068CA8E /* Resources */ = {
			isa = PBXResourcesBuildPhase;
			buildActionMask = 2147483647;
			files = (
			);
			runOnlyForDeploymentPostprocessing = 0;
		};
/* End PBXResourcesBuildPhase section */

/* Begin PBXSourcesBuildPhase section */
		8F80B1832A4067550068CA8E /* Sources */ = {
			isa = PBXSourcesBuildPhase;
			buildActionMask = 2147483647;
			files = (
				8F80B1CD2A43368D0068CA8E /* ShirtView.swift in Sources */,
				8F80B1B52A4068280068CA8E /* LogoPaths.swift in Sources */,
				8F80B1C72A4329050068CA8E /* ShirtContentView.swift in Sources */,
				8F80B18D2A4067550068CA8E /* ContentView.swift in Sources */,
				8F80B1BB2A4097180068CA8E /* MadridLogoView.swift in Sources */,
				8F80B1B92A4069150068CA8E /* UIBaizerPath+extensions.swift in Sources */,
				8F80B1CF2A43380E0068CA8E /* BuyNowView.swift in Sources */,
				8F80B1B72A4068840068CA8E /* ShapeView.swift in Sources */,
				8F80B18B2A4067550068CA8E /* Real_Madrid_2024App.swift in Sources */,
				8F80B1D12A4346840068CA8E /* Color+Extensions.swift in Sources */,
				8F80B1C52A42350E0068CA8E /* SponsorShirtView.swift in Sources */,
			);
			runOnlyForDeploymentPostprocessing = 0;
		};
		8F80B1932A4067560068CA8E /* Sources */ = {
			isa = PBXSourcesBuildPhase;
			buildActionMask = 2147483647;
			files = (
				8F80B19C2A4067560068CA8E /* Real_Madrid_2024Tests.swift in Sources */,
			);
			runOnlyForDeploymentPostprocessing = 0;
		};
		8F80B19D2A4067560068CA8E /* Sources */ = {
			isa = PBXSourcesBuildPhase;
			buildActionMask = 2147483647;
			files = (
				8F80B1A62A4067560068CA8E /* Real_Madrid_2024UITests.swift in Sources */,
				8F80B1A82A4067560068CA8E /* Real_Madrid_2024UITestsLaunchTests.swift in Sources */,
			);
			runOnlyForDeploymentPostprocessing = 0;
		};
/* End PBXSourcesBuildPhase section */

/* Begin PBXTargetDependency section */
		8F80B1992A4067560068CA8E /* PBXTargetDependency */ = {
			isa = PBXTargetDependency;
			target = 8F80B1862A4067550068CA8E /* Real-Madrid-2024 */;
			targetProxy = 8F80B1982A4067560068CA8E /* PBXContainerItemProxy */;
		};
		8F80B1A32A4067560068CA8E /* PBXTargetDependency */ = {
			isa = PBXTargetDependency;
			target = 8F80B1862A4067550068CA8E /* Real-Madrid-2024 */;
			targetProxy = 8F80B1A22A4067560068CA8E /* PBXContainerItemProxy */;
		};
/* End PBXTargetDependency section */

/* Begin XCBuildConfiguration section */
		8F80B1A92A4067560068CA8E /* Debug */ = {
			isa = XCBuildConfiguration;
			buildSettings = {
				ALWAYS_SEARCH_USER_PATHS = NO;
				ASSETCATALOG_COMPILER_GENERATE_SWIFT_ASSET_SYMBOL_EXTENSIONS = YES;
				CLANG_ANALYZER_NONNULL = YES;
				CLANG_ANALYZER_NUMBER_OBJECT_CONVERSION = YES_AGGRESSIVE;
				CLANG_CXX_LANGUAGE_STANDARD = "gnu++20";
				CLANG_ENABLE_MODULES = YES;
				CLANG_ENABLE_OBJC_ARC = YES;
				CLANG_ENABLE_OBJC_WEAK = YES;
				CLANG_WARN_BLOCK_CAPTURE_AUTORELEASING = YES;
				CLANG_WARN_BOOL_CONVERSION = YES;
				CLANG_WARN_COMMA = YES;
				CLANG_WARN_CONSTANT_CONVERSION = YES;
				CLANG_WARN_DEPRECATED_OBJC_IMPLEMENTATIONS = YES;
				CLANG_WARN_DIRECT_OBJC_ISA_USAGE = YES_ERROR;
				CLANG_WARN_DOCUMENTATION_COMMENTS = YES;
				CLANG_WARN_EMPTY_BODY = YES;
				CLANG_WARN_ENUM_CONVERSION = YES;
				CLANG_WARN_INFINITE_RECURSION = YES;
				CLANG_WARN_INT_CONVERSION = YES;
				CLANG_WARN_NON_LITERAL_NULL_CONVERSION = YES;
				CLANG_WARN_OBJC_IMPLICIT_RETAIN_SELF = YES;
				CLANG_WARN_OBJC_LITERAL_CONVERSION = YES;
				CLANG_WARN_OBJC_ROOT_CLASS = YES_ERROR;
				CLANG_WARN_QUOTED_INCLUDE_IN_FRAMEWORK_HEADER = YES;
				CLANG_WARN_RANGE_LOOP_ANALYSIS = YES;
				CLANG_WARN_STRICT_PROTOTYPES = YES;
				CLANG_WARN_SUSPICIOUS_MOVE = YES;
				CLANG_WARN_UNGUARDED_AVAILABILITY = YES_AGGRESSIVE;
				CLANG_WARN_UNREACHABLE_CODE = YES;
				CLANG_WARN__DUPLICATE_METHOD_MATCH = YES;
				COPY_PHASE_STRIP = NO;
				DEBUG_INFORMATION_FORMAT = dwarf;
				ENABLE_STRICT_OBJC_MSGSEND = YES;
				ENABLE_TESTABILITY = YES;
				ENABLE_USER_SCRIPT_SANDBOXING = YES;
				GCC_C_LANGUAGE_STANDARD = gnu17;
				GCC_DYNAMIC_NO_PIC = NO;
				GCC_NO_COMMON_BLOCKS = YES;
				GCC_OPTIMIZATION_LEVEL = 0;
				GCC_PREPROCESSOR_DEFINITIONS = (
					"DEBUG=1",
					"$(inherited)",
				);
				GCC_WARN_64_TO_32_BIT_CONVERSION = YES;
				GCC_WARN_ABOUT_RETURN_TYPE = YES_ERROR;
				GCC_WARN_UNDECLARED_SELECTOR = YES;
				GCC_WARN_UNINITIALIZED_AUTOS = YES_AGGRESSIVE;
				GCC_WARN_UNUSED_FUNCTION = YES;
				GCC_WARN_UNUSED_VARIABLE = YES;
				IPHONEOS_DEPLOYMENT_TARGET = 17.0;
				LOCALIZATION_PREFERS_STRING_CATALOGS = YES;
				MTL_ENABLE_DEBUG_INFO = INCLUDE_SOURCE;
				MTL_FAST_MATH = YES;
				ONLY_ACTIVE_ARCH = YES;
				SDKROOT = iphoneos;
				SWIFT_ACTIVE_COMPILATION_CONDITIONS = "DEBUG $(inherited)";
				SWIFT_OPTIMIZATION_LEVEL = "-Onone";
			};
			name = Debug;
		};
		8F80B1AA2A4067560068CA8E /* Release */ = {
			isa = XCBuildConfiguration;
			buildSettings = {
				ALWAYS_SEARCH_USER_PATHS = NO;
				ASSETCATALOG_COMPILER_GENERATE_SWIFT_ASSET_SYMBOL_EXTENSIONS = YES;
				CLANG_ANALYZER_NONNULL = YES;
				CLANG_ANALYZER_NUMBER_OBJECT_CONVERSION = YES_AGGRESSIVE;
				CLANG_CXX_LANGUAGE_STANDARD = "gnu++20";
				CLANG_ENABLE_MODULES = YES;
				CLANG_ENABLE_OBJC_ARC = YES;
				CLANG_ENABLE_OBJC_WEAK = YES;
				CLANG_WARN_BLOCK_CAPTURE_AUTORELEASING = YES;
				CLANG_WARN_BOOL_CONVERSION = YES;
				CLANG_WARN_COMMA = YES;
				CLANG_WARN_CONSTANT_CONVERSION = YES;
				CLANG_WARN_DEPRECATED_OBJC_IMPLEMENTATIONS = YES;
				CLANG_WARN_DIRECT_OBJC_ISA_USAGE = YES_ERROR;
				CLANG_WARN_DOCUMENTATION_COMMENTS = YES;
				CLANG_WARN_EMPTY_BODY = YES;
				CLANG_WARN_ENUM_CONVERSION = YES;
				CLANG_WARN_INFINITE_RECURSION = YES;
				CLANG_WARN_INT_CONVERSION = YES;
				CLANG_WARN_NON_LITERAL_NULL_CONVERSION = YES;
				CLANG_WARN_OBJC_IMPLICIT_RETAIN_SELF = YES;
				CLANG_WARN_OBJC_LITERAL_CONVERSION = YES;
				CLANG_WARN_OBJC_ROOT_CLASS = YES_ERROR;
				CLANG_WARN_QUOTED_INCLUDE_IN_FRAMEWORK_HEADER = YES;
				CLANG_WARN_RANGE_LOOP_ANALYSIS = YES;
				CLANG_WARN_STRICT_PROTOTYPES = YES;
				CLANG_WARN_SUSPICIOUS_MOVE = YES;
				CLANG_WARN_UNGUARDED_AVAILABILITY = YES_AGGRESSIVE;
				CLANG_WARN_UNREACHABLE_CODE = YES;
				CLANG_WARN__DUPLICATE_METHOD_MATCH = YES;
				COPY_PHASE_STRIP = NO;
				DEBUG_INFORMATION_FORMAT = "dwarf-with-dsym";
				ENABLE_NS_ASSERTIONS = NO;
				ENABLE_STRICT_OBJC_MSGSEND = YES;
				ENABLE_USER_SCRIPT_SANDBOXING = YES;
				GCC_C_LANGUAGE_STANDARD = gnu17;
				GCC_NO_COMMON_BLOCKS = YES;
				GCC_WARN_64_TO_32_BIT_CONVERSION = YES;
				GCC_WARN_ABOUT_RETURN_TYPE = YES_ERROR;
				GCC_WARN_UNDECLARED_SELECTOR = YES;
				GCC_WARN_UNINITIALIZED_AUTOS = YES_AGGRESSIVE;
				GCC_WARN_UNUSED_FUNCTION = YES;
				GCC_WARN_UNUSED_VARIABLE = YES;
				IPHONEOS_DEPLOYMENT_TARGET = 17.0;
				LOCALIZATION_PREFERS_STRING_CATALOGS = YES;
				MTL_ENABLE_DEBUG_INFO = NO;
				MTL_FAST_MATH = YES;
				SDKROOT = iphoneos;
				SWIFT_COMPILATION_MODE = wholemodule;
				VALIDATE_PRODUCT = YES;
			};
			name = Release;
		};
		8F80B1AC2A4067560068CA8E /* Debug */ = {
			isa = XCBuildConfiguration;
			buildSettings = {
				ASSETCATALOG_COMPILER_APPICON_NAME = AppIcon;
				ASSETCATALOG_COMPILER_GLOBAL_ACCENT_COLOR_NAME = AccentColor;
				CODE_SIGN_STYLE = Automatic;
				CURRENT_PROJECT_VERSION = 1;
				DEVELOPMENT_ASSET_PATHS = "\"Real-Madrid-2024/Preview Content\"";
				ENABLE_PREVIEWS = YES;
				GENERATE_INFOPLIST_FILE = YES;
				INFOPLIST_FILE = "Real-Madrid-2024/Info.plist";
				INFOPLIST_KEY_UIApplicationSceneManifest_Generation = YES;
				INFOPLIST_KEY_UIApplicationSupportsIndirectInputEvents = YES;
				INFOPLIST_KEY_UILaunchScreen_Generation = YES;
				INFOPLIST_KEY_UISupportedInterfaceOrientations_iPad = "UIInterfaceOrientationPortrait UIInterfaceOrientationPortraitUpsideDown UIInterfaceOrientationLandscapeLeft UIInterfaceOrientationLandscapeRight";
				INFOPLIST_KEY_UISupportedInterfaceOrientations_iPhone = "UIInterfaceOrientationPortrait UIInterfaceOrientationLandscapeLeft UIInterfaceOrientationLandscapeRight";
				LD_RUNPATH_SEARCH_PATHS = (
					"$(inherited)",
					"@executable_path/Frameworks",
				);
				MARKETING_VERSION = 1.0;
				PRODUCT_BUNDLE_IDENTIFIER = "com.javff.Real-Madrid-2024";
				PRODUCT_NAME = "$(TARGET_NAME)";
				SWIFT_EMIT_LOC_STRINGS = YES;
				SWIFT_VERSION = 5.0;
				TARGETED_DEVICE_FAMILY = "1,2";
			};
			name = Debug;
		};
		8F80B1AD2A4067560068CA8E /* Release */ = {
			isa = XCBuildConfiguration;
			buildSettings = {
				ASSETCATALOG_COMPILER_APPICON_NAME = AppIcon;
				ASSETCATALOG_COMPILER_GLOBAL_ACCENT_COLOR_NAME = AccentColor;
				CODE_SIGN_STYLE = Automatic;
				CURRENT_PROJECT_VERSION = 1;
				DEVELOPMENT_ASSET_PATHS = "\"Real-Madrid-2024/Preview Content\"";
				ENABLE_PREVIEWS = YES;
				GENERATE_INFOPLIST_FILE = YES;
				INFOPLIST_FILE = "Real-Madrid-2024/Info.plist";
				INFOPLIST_KEY_UIApplicationSceneManifest_Generation = YES;
				INFOPLIST_KEY_UIApplicationSupportsIndirectInputEvents = YES;
				INFOPLIST_KEY_UILaunchScreen_Generation = YES;
				INFOPLIST_KEY_UISupportedInterfaceOrientations_iPad = "UIInterfaceOrientationPortrait UIInterfaceOrientationPortraitUpsideDown UIInterfaceOrientationLandscapeLeft UIInterfaceOrientationLandscapeRight";
				INFOPLIST_KEY_UISupportedInterfaceOrientations_iPhone = "UIInterfaceOrientationPortrait UIInterfaceOrientationLandscapeLeft UIInterfaceOrientationLandscapeRight";
				LD_RUNPATH_SEARCH_PATHS = (
					"$(inherited)",
					"@executable_path/Frameworks",
				);
				MARKETING_VERSION = 1.0;
				PRODUCT_BUNDLE_IDENTIFIER = "com.javff.Real-Madrid-2024";
				PRODUCT_NAME = "$(TARGET_NAME)";
				SWIFT_EMIT_LOC_STRINGS = YES;
				SWIFT_VERSION = 5.0;
				TARGETED_DEVICE_FAMILY = "1,2";
			};
			name = Release;
		};
		8F80B1AF2A4067560068CA8E /* Debug */ = {
			isa = XCBuildConfiguration;
			buildSettings = {
				ALWAYS_EMBED_SWIFT_STANDARD_LIBRARIES = YES;
				BUNDLE_LOADER = "$(TEST_HOST)";
				CODE_SIGN_STYLE = Automatic;
				CURRENT_PROJECT_VERSION = 1;
				GENERATE_INFOPLIST_FILE = YES;
				IPHONEOS_DEPLOYMENT_TARGET = 17.0;
				MARKETING_VERSION = 1.0;
				PRODUCT_BUNDLE_IDENTIFIER = "com.javff.Real-Madrid-2024Tests";
				PRODUCT_NAME = "$(TARGET_NAME)";
				SWIFT_EMIT_LOC_STRINGS = NO;
				SWIFT_VERSION = 5.0;
				TARGETED_DEVICE_FAMILY = "1,2";
				TEST_HOST = "$(BUILT_PRODUCTS_DIR)/Real-Madrid-2024.app/$(BUNDLE_EXECUTABLE_FOLDER_PATH)/Real-Madrid-2024";
			};
			name = Debug;
		};
		8F80B1B02A4067560068CA8E /* Release */ = {
			isa = XCBuildConfiguration;
			buildSettings = {
				ALWAYS_EMBED_SWIFT_STANDARD_LIBRARIES = YES;
				BUNDLE_LOADER = "$(TEST_HOST)";
				CODE_SIGN_STYLE = Automatic;
				CURRENT_PROJECT_VERSION = 1;
				GENERATE_INFOPLIST_FILE = YES;
				IPHONEOS_DEPLOYMENT_TARGET = 17.0;
				MARKETING_VERSION = 1.0;
				PRODUCT_BUNDLE_IDENTIFIER = "com.javff.Real-Madrid-2024Tests";
				PRODUCT_NAME = "$(TARGET_NAME)";
				SWIFT_EMIT_LOC_STRINGS = NO;
				SWIFT_VERSION = 5.0;
				TARGETED_DEVICE_FAMILY = "1,2";
				TEST_HOST = "$(BUILT_PRODUCTS_DIR)/Real-Madrid-2024.app/$(BUNDLE_EXECUTABLE_FOLDER_PATH)/Real-Madrid-2024";
			};
			name = Release;
		};
		8F80B1B22A4067560068CA8E /* Debug */ = {
			isa = XCBuildConfiguration;
			buildSettings = {
				ALWAYS_EMBED_SWIFT_STANDARD_LIBRARIES = YES;
				CODE_SIGN_STYLE = Automatic;
				CURRENT_PROJECT_VERSION = 1;
				GENERATE_INFOPLIST_FILE = YES;
				MARKETING_VERSION = 1.0;
				PRODUCT_BUNDLE_IDENTIFIER = "com.javff.Real-Madrid-2024UITests";
				PRODUCT_NAME = "$(TARGET_NAME)";
				SWIFT_EMIT_LOC_STRINGS = NO;
				SWIFT_VERSION = 5.0;
				TARGETED_DEVICE_FAMILY = "1,2";
				TEST_TARGET_NAME = "Real-Madrid-2024";
			};
			name = Debug;
		};
		8F80B1B32A4067560068CA8E /* Release */ = {
			isa = XCBuildConfiguration;
			buildSettings = {
				ALWAYS_EMBED_SWIFT_STANDARD_LIBRARIES = YES;
				CODE_SIGN_STYLE = Automatic;
				CURRENT_PROJECT_VERSION = 1;
				GENERATE_INFOPLIST_FILE = YES;
				MARKETING_VERSION = 1.0;
				PRODUCT_BUNDLE_IDENTIFIER = "com.javff.Real-Madrid-2024UITests";
				PRODUCT_NAME = "$(TARGET_NAME)";
				SWIFT_EMIT_LOC_STRINGS = NO;
				SWIFT_VERSION = 5.0;
				TARGETED_DEVICE_FAMILY = "1,2";
				TEST_TARGET_NAME = "Real-Madrid-2024";
			};
			name = Release;
		};
/* End XCBuildConfiguration section */

/* Begin XCConfigurationList section */
		8F80B1822A4067550068CA8E /* Build configuration list for PBXProject "Real-Madrid-2024" */ = {
			isa = XCConfigurationList;
			buildConfigurations = (
				8F80B1A92A4067560068CA8E /* Debug */,
				8F80B1AA2A4067560068CA8E /* Release */,
			);
			defaultConfigurationIsVisible = 0;
			defaultConfigurationName = Release;
		};
		8F80B1AB2A4067560068CA8E /* Build configuration list for PBXNativeTarget "Real-Madrid-2024" */ = {
			isa = XCConfigurationList;
			buildConfigurations = (
				8F80B1AC2A4067560068CA8E /* Debug */,
				8F80B1AD2A4067560068CA8E /* Release */,
			);
			defaultConfigurationIsVisible = 0;
			defaultConfigurationName = Release;
		};
		8F80B1AE2A4067560068CA8E /* Build configuration list for PBXNativeTarget "Real-Madrid-2024Tests" */ = {
			isa = XCConfigurationList;
			buildConfigurations = (
				8F80B1AF2A4067560068CA8E /* Debug */,
				8F80B1B02A4067560068CA8E /* Release */,
			);
			defaultConfigurationIsVisible = 0;
			defaultConfigurationName = Release;
		};
		8F80B1B12A4067560068CA8E /* Build configuration list for PBXNativeTarget "Real-Madrid-2024UITests" */ = {
			isa = XCConfigurationList;
			buildConfigurations = (
				8F80B1B22A4067560068CA8E /* Debug */,
				8F80B1B32A4067560068CA8E /* Release */,
			);
			defaultConfigurationIsVisible = 0;
			defaultConfigurationName = Release;
		};
/* End XCConfigurationList section */
	};
	rootObject = 8F80B17F2A4067550068CA8E /* Project object */;
}
